
Microsoft Visual Studio Solution File, Format Version 12.00
# Visual Studio Version 17
VisualStudioVersion = 17.9.34701.34
MinimumVisualStudioVersion = 10.0.40219.1
Project("{2150E333-8FDC-42A3-9474-1A3956D46DE8}") = "src", "src", "{97DF943F-1BF3-4873-BF23-095478AB05A0}"
EndProject
Project("{9A19103F-16F7-4668-BE54-9A1E7A4F7556}") = "Chat.WebAPI", "src\Chat.WebAPI\Chat.WebAPI.csproj", "{BB70B7EF-BBD5-4B23-8777-9AEA846E8EC5}"
EndProject
Global
	GlobalSection(SolutionConfigurationPlatforms) = preSolution
		Debug|Any CPU = Debug|Any CPU
		Release|Any CPU = Release|Any CPU
	EndGlobalSection
	GlobalSection(ProjectConfigurationPlatforms) = postSolution
		{BB70B7EF-BBD5-4B23-8777-9AEA846E8EC5}.Debug|Any CPU.ActiveCfg = Debug|Any CPU
		{BB70B7EF-BBD5-4B23-8777-9AEA846E8EC5}.Debug|Any CPU.Build.0 = Debug|Any CPU
		{BB70B7EF-BBD5-4B23-8777-9AEA846E8EC5}.Release|Any CPU.ActiveCfg = Release|Any CPU
		{BB70B7EF-BBD5-4B23-8777-9AEA846E8EC5}.Release|Any CPU.Build.0 = Release|Any CPU
	EndGlobalSection
	GlobalSection(SolutionProperties) = preSolution
		HideSolutionNode = FALSE
	EndGlobalSection
	GlobalSection(NestedProjects) = preSolution
		{BB70B7EF-BBD5-4B23-8777-9AEA846E8EC5} = {97DF943F-1BF3-4873-BF23-095478AB05A0}
	EndGlobalSection
	GlobalSection(ExtensibilityGlobals) = postSolution
		SolutionGuid = {D6E0E447-294A-48C6-B3E7-DECE13BA6AB7}
	EndGlobalSection
EndGlobal
